
Microsoft Visual Studio Solution File, Format Version 12.00
# Visual Studio Version 17
VisualStudioVersion = 17.11.35312.102
MinimumVisualStudioVersion = 10.0.40219.1
Project("{FAE04EC0-301F-11D3-BF4B-00C04F79EFBC}") = "Øvelse_1", "Øvelse_1\Øvelse_1.csproj", "{D54A752B-6E96-4D05-A5EE-4852BFAC8233}"
EndProject
Project("{FAE04EC0-301F-11D3-BF4B-00C04F79EFBC}") = "Øvelse_2", "Øvelse_2\Øvelse_2.csproj", "{561A08D8-3D1A-4F3A-9E44-D26DD8DB7251}"
EndProject
Global
	GlobalSection(SolutionConfigurationPlatforms) = preSolution
		Debug|Any CPU = Debug|Any CPU
		Release|Any CPU = Release|Any CPU
	EndGlobalSection
	GlobalSection(ProjectConfigurationPlatforms) = postSolution
		{D54A752B-6E96-4D05-A5EE-4852BFAC8233}.Debug|Any CPU.ActiveCfg = Debug|Any CPU
		{D54A752B-6E96-4D05-A5EE-4852BFAC8233}.Debug|Any CPU.Build.0 = Debug|Any CPU
		{D54A752B-6E96-4D05-A5EE-4852BFAC8233}.Release|Any CPU.ActiveCfg = Release|Any CPU
		{D54A752B-6E96-4D05-A5EE-4852BFAC8233}.Release|Any CPU.Build.0 = Release|Any CPU
		{561A08D8-3D1A-4F3A-9E44-D26DD8DB7251}.Debug|Any CPU.ActiveCfg = Debug|Any CPU
		{561A08D8-3D1A-4F3A-9E44-D26DD8DB7251}.Debug|Any CPU.Build.0 = Debug|Any CPU
		{561A08D8-3D1A-4F3A-9E44-D26DD8DB7251}.Release|Any CPU.ActiveCfg = Release|Any CPU
		{561A08D8-3D1A-4F3A-9E44-D26DD8DB7251}.Release|Any CPU.Build.0 = Release|Any CPU
	EndGlobalSection
	GlobalSection(SolutionProperties) = preSolution
		HideSolutionNode = FALSE
	EndGlobalSection
	GlobalSection(ExtensibilityGlobals) = postSolution
		SolutionGuid = {45FAD530-7548-4C71-A76D-3B47A473103E}
	EndGlobalSection
EndGlobal
