
Microsoft Visual Studio Solution File, Format Version 12.00
# Visual Studio Version 17
VisualStudioVersion = 17.11.35312.102
MinimumVisualStudioVersion = 10.0.40219.1
Project("{FAE04EC0-301F-11D3-BF4B-00C04F79EFBC}") = "Øvelse_1", "Øvelse_1\Øvelse_1.csproj", "{D54A752B-6E96-4D05-A5EE-4852BFAC8233}"
EndProject
Project("{FAE04EC0-301F-11D3-BF4B-00C04F79EFBC}") = "Øvelse_2", "Øvelse_2\Øvelse_2.csproj", "{561A08D8-3D1A-4F3A-9E44-D26DD8DB7251}"
EndProject
Project("{FAE04EC0-301F-11D3-BF4B-00C04F79EFBC}") = "Øvelse_3", "Øvelse_3\Øvelse_3.csproj", "{D7E29D01-9430-4E52-BF3E-590061A3A236}"
EndProject
Project("{FAE04EC0-301F-11D3-BF4B-00C04F79EFBC}") = "Øvelse_4", "Øvelse_4\Øvelse_4.csproj", "{1B87D872-ED4B-436E-A5AE-C1EB4436CDFD}"
EndProject
Project("{FAE04EC0-301F-11D3-BF4B-00C04F79EFBC}") = "Øvelse_6", "Øvelse_5\Øvelse_6.csproj", "{8D592E50-4A03-42F2-A771-0BC75CF69097}"
EndProject
Project("{FAE04EC0-301F-11D3-BF4B-00C04F79EFBC}") = "Obl_Øvelse_Variabler&DataTyper", "Obl_Øvelse_Variabler&DataTyper\Obl_Øvelse_Variabler&DataTyper.csproj", "{61F6EB56-3CB5-4AA0-8670-4E4042B4DC01}"
EndProject
Project("{FAE04EC0-301F-11D3-BF4B-00C04F79EFBC}") = "Øvelse_7", "Øvelse_7\Øvelse_7.csproj", "{E05AC0C5-2EFA-4F2E-A839-19A2F0741EE1}"
EndProject
Project("{FAE04EC0-301F-11D3-BF4B-00C04F79EFBC}") = "Øvelse_8", "Øvelse_8\Øvelse_8.csproj", "{F74D0600-BF42-4538-AA9D-E3C9A4F2566C}"
EndProject
Global
	GlobalSection(SolutionConfigurationPlatforms) = preSolution
		Debug|Any CPU = Debug|Any CPU
		Release|Any CPU = Release|Any CPU
	EndGlobalSection
	GlobalSection(ProjectConfigurationPlatforms) = postSolution
		{D54A752B-6E96-4D05-A5EE-4852BFAC8233}.Debug|Any CPU.ActiveCfg = Debug|Any CPU
		{D54A752B-6E96-4D05-A5EE-4852BFAC8233}.Debug|Any CPU.Build.0 = Debug|Any CPU
		{D54A752B-6E96-4D05-A5EE-4852BFAC8233}.Release|Any CPU.ActiveCfg = Release|Any CPU
		{D54A752B-6E96-4D05-A5EE-4852BFAC8233}.Release|Any CPU.Build.0 = Release|Any CPU
		{561A08D8-3D1A-4F3A-9E44-D26DD8DB7251}.Debug|Any CPU.ActiveCfg = Debug|Any CPU
		{561A08D8-3D1A-4F3A-9E44-D26DD8DB7251}.Debug|Any CPU.Build.0 = Debug|Any CPU
		{561A08D8-3D1A-4F3A-9E44-D26DD8DB7251}.Release|Any CPU.ActiveCfg = Release|Any CPU
		{561A08D8-3D1A-4F3A-9E44-D26DD8DB7251}.Release|Any CPU.Build.0 = Release|Any CPU
		{D7E29D01-9430-4E52-BF3E-590061A3A236}.Debug|Any CPU.ActiveCfg = Debug|Any CPU
		{D7E29D01-9430-4E52-BF3E-590061A3A236}.Debug|Any CPU.Build.0 = Debug|Any CPU
		{D7E29D01-9430-4E52-BF3E-590061A3A236}.Release|Any CPU.ActiveCfg = Release|Any CPU
		{D7E29D01-9430-4E52-BF3E-590061A3A236}.Release|Any CPU.Build.0 = Release|Any CPU
		{1B87D872-ED4B-436E-A5AE-C1EB4436CDFD}.Debug|Any CPU.ActiveCfg = Debug|Any CPU
		{1B87D872-ED4B-436E-A5AE-C1EB4436CDFD}.Debug|Any CPU.Build.0 = Debug|Any CPU
		{1B87D872-ED4B-436E-A5AE-C1EB4436CDFD}.Release|Any CPU.ActiveCfg = Release|Any CPU
		{1B87D872-ED4B-436E-A5AE-C1EB4436CDFD}.Release|Any CPU.Build.0 = Release|Any CPU
		{8D592E50-4A03-42F2-A771-0BC75CF69097}.Debug|Any CPU.ActiveCfg = Debug|Any CPU
		{8D592E50-4A03-42F2-A771-0BC75CF69097}.Debug|Any CPU.Build.0 = Debug|Any CPU
		{8D592E50-4A03-42F2-A771-0BC75CF69097}.Release|Any CPU.ActiveCfg = Release|Any CPU
		{8D592E50-4A03-42F2-A771-0BC75CF69097}.Release|Any CPU.Build.0 = Release|Any CPU
		{61F6EB56-3CB5-4AA0-8670-4E4042B4DC01}.Debug|Any CPU.ActiveCfg = Debug|Any CPU
		{61F6EB56-3CB5-4AA0-8670-4E4042B4DC01}.Debug|Any CPU.Build.0 = Debug|Any CPU
		{61F6EB56-3CB5-4AA0-8670-4E4042B4DC01}.Release|Any CPU.ActiveCfg = Release|Any CPU
		{61F6EB56-3CB5-4AA0-8670-4E4042B4DC01}.Release|Any CPU.Build.0 = Release|Any CPU
		{E05AC0C5-2EFA-4F2E-A839-19A2F0741EE1}.Debug|Any CPU.ActiveCfg = Debug|Any CPU
		{E05AC0C5-2EFA-4F2E-A839-19A2F0741EE1}.Debug|Any CPU.Build.0 = Debug|Any CPU
		{E05AC0C5-2EFA-4F2E-A839-19A2F0741EE1}.Release|Any CPU.ActiveCfg = Release|Any CPU
		{E05AC0C5-2EFA-4F2E-A839-19A2F0741EE1}.Release|Any CPU.Build.0 = Release|Any CPU
		{F74D0600-BF42-4538-AA9D-E3C9A4F2566C}.Debug|Any CPU.ActiveCfg = Debug|Any CPU
		{F74D0600-BF42-4538-AA9D-E3C9A4F2566C}.Debug|Any CPU.Build.0 = Debug|Any CPU
		{F74D0600-BF42-4538-AA9D-E3C9A4F2566C}.Release|Any CPU.ActiveCfg = Release|Any CPU
		{F74D0600-BF42-4538-AA9D-E3C9A4F2566C}.Release|Any CPU.Build.0 = Release|Any CPU
	EndGlobalSection
	GlobalSection(SolutionProperties) = preSolution
		HideSolutionNode = FALSE
	EndGlobalSection
	GlobalSection(ExtensibilityGlobals) = postSolution
		SolutionGuid = {45FAD530-7548-4C71-A76D-3B47A473103E}
	EndGlobalSection
EndGlobal
